// !$*UTF8*$!
{
	archiveVersion = 1;
	classes = {
	};
	objectVersion = 46;
	objects = {

/* Begin PBXBuildFile section */
		E05AC107151B8E9200AEDDBC /* UIKit.framework in Frameworks */ = {isa = PBXBuildFile; fileRef = E05AC106151B8E9200AEDDBC /* UIKit.framework */; };
		E05AC109151B8E9200AEDDBC /* Foundation.framework in Frameworks */ = {isa = PBXBuildFile; fileRef = E05AC108151B8E9200AEDDBC /* Foundation.framework */; };
		E05AC10B151B8E9200AEDDBC /* CoreGraphics.framework in Frameworks */ = {isa = PBXBuildFile; fileRef = E05AC10A151B8E9200AEDDBC /* CoreGraphics.framework */; };
		E05AC111151B8E9200AEDDBC /* InfoPlist.strings in Resources */ = {isa = PBXBuildFile; fileRef = E05AC10F151B8E9200AEDDBC /* InfoPlist.strings */; };
		E05AC113151B8E9200AEDDBC /* main.m in Sources */ = {isa = PBXBuildFile; fileRef = E05AC112151B8E9200AEDDBC /* main.m */; };
		E05AC117151B8E9300AEDDBC /* AppDelegate.m in Sources */ = {isa = PBXBuildFile; fileRef = E05AC116151B8E9300AEDDBC /* AppDelegate.m */; };
		E05AC11A151B8E9300AEDDBC /* ViewController.m in Sources */ = {isa = PBXBuildFile; fileRef = E05AC119151B8E9300AEDDBC /* ViewController.m */; };
		E05AC11D151B8E9300AEDDBC /* ViewController.xib in Resources */ = {isa = PBXBuildFile; fileRef = E05AC11B151B8E9300AEDDBC /* ViewController.xib */; };
		E05AC126151B8ED300AEDDBC /* CiPuP.m in Sources */ = {isa = PBXBuildFile; fileRef = E05AC125151B8ED300AEDDBC /* CiPuP.m */; };
		E05AC128151B902300AEDDBC /* SystemConfiguration.framework in Frameworks */ = {isa = PBXBuildFile; fileRef = E05AC127151B902300AEDDBC /* SystemConfiguration.framework */; };
/* End PBXBuildFile section */

/* Begin PBXFileReference section */
		E05AC102151B8E9200AEDDBC /* WebServices.app */ = {isa = PBXFileReference; explicitFileType = wrapper.application; includeInIndex = 0; path = WebServices.app; sourceTree = BUILT_PRODUCTS_DIR; };
		E05AC106151B8E9200AEDDBC /* UIKit.framework */ = {isa = PBXFileReference; lastKnownFileType = wrapper.framework; name = UIKit.framework; path = System/Library/Frameworks/UIKit.framework; sourceTree = SDKROOT; };
		E05AC108151B8E9200AEDDBC /* Foundation.framework */ = {isa = PBXFileReference; lastKnownFileType = wrapper.framework; name = Foundation.framework; path = System/Library/Frameworks/Foundation.framework; sourceTree = SDKROOT; };
		E05AC10A151B8E9200AEDDBC /* CoreGraphics.framework */ = {isa = PBXFileReference; lastKnownFileType = wrapper.framework; name = CoreGraphics.framework; path = System/Library/Frameworks/CoreGraphics.framework; sourceTree = SDKROOT; };
		E05AC10E151B8E9200AEDDBC /* WebServices-Info.plist */ = {isa = PBXFileReference; lastKnownFileType = text.plist.xml; path = "WebServices-Info.plist"; sourceTree = "<group>"; };
		E05AC110151B8E9200AEDDBC /* en */ = {isa = PBXFileReference; lastKnownFileType = text.plist.strings; name = en; path = en.lproj/InfoPlist.strings; sourceTree = "<group>"; };
		E05AC112151B8E9200AEDDBC /* main.m */ = {isa = PBXFileReference; lastKnownFileType = sourcecode.c.objc; path = main.m; sourceTree = "<group>"; };
		E05AC114151B8E9200AEDDBC /* WebServices-Prefix.pch */ = {isa = PBXFileReference; lastKnownFileType = sourcecode.c.h; path = "WebServices-Prefix.pch"; sourceTree = "<group>"; };
		E05AC115151B8E9300AEDDBC /* AppDelegate.h */ = {isa = PBXFileReference; lastKnownFileType = sourcecode.c.h; path = AppDelegate.h; sourceTree = "<group>"; };
		E05AC116151B8E9300AEDDBC /* AppDelegate.m */ = {isa = PBXFileReference; lastKnownFileType = sourcecode.c.objc; path = AppDelegate.m; sourceTree = "<group>"; };
		E05AC118151B8E9300AEDDBC /* ViewController.h */ = {isa = PBXFileReference; lastKnownFileType = sourcecode.c.h; path = ViewController.h; sourceTree = "<group>"; };
		E05AC119151B8E9300AEDDBC /* ViewController.m */ = {isa = PBXFileReference; lastKnownFileType = sourcecode.c.objc; path = ViewController.m; sourceTree = "<group>"; };
		E05AC11C151B8E9300AEDDBC /* en */ = {isa = PBXFileReference; lastKnownFileType = file.xib; name = en; path = en.lproj/ViewController.xib; sourceTree = "<group>"; };
		E05AC124151B8ED300AEDDBC /* CiPuP.h */ = {isa = PBXFileReference; fileEncoding = 4; lastKnownFileType = sourcecode.c.h; path = CiPuP.h; sourceTree = "<group>"; };
		E05AC125151B8ED300AEDDBC /* CiPuP.m */ = {isa = PBXFileReference; fileEncoding = 4; lastKnownFileType = sourcecode.c.objc; path = CiPuP.m; sourceTree = "<group>"; };
		E05AC127151B902300AEDDBC /* SystemConfiguration.framework */ = {isa = PBXFileReference; lastKnownFileType = wrapper.framework; name = SystemConfiguration.framework; path = System/Library/Frameworks/SystemConfiguration.framework; sourceTree = SDKROOT; };
/* End PBXFileReference section */

/* Begin PBXFrameworksBuildPhase section */
		E05AC0FF151B8E9200AEDDBC /* Frameworks */ = {
			isa = PBXFrameworksBuildPhase;
			buildActionMask = 2147483647;
			files = (
				E05AC128151B902300AEDDBC /* SystemConfiguration.framework in Frameworks */,
				E05AC107151B8E9200AEDDBC /* UIKit.framework in Frameworks */,
				E05AC109151B8E9200AEDDBC /* Foundation.framework in Frameworks */,
				E05AC10B151B8E9200AEDDBC /* CoreGraphics.framework in Frameworks */,
			);
			runOnlyForDeploymentPostprocessing = 0;
		};
/* End PBXFrameworksBuildPhase section */

/* Begin PBXGroup section */
		E05AC0F7151B8E9200AEDDBC = {
			isa = PBXGroup;
			children = (
				E05AC10C151B8E9200AEDDBC /* WebServices */,
				E05AC105151B8E9200AEDDBC /* Frameworks */,
				E05AC103151B8E9200AEDDBC /* Products */,
			);
			sourceTree = "<group>";
		};
		E05AC103151B8E9200AEDDBC /* Products */ = {
			isa = PBXGroup;
			children = (
				E05AC102151B8E9200AEDDBC /* WebServices.app */,
			);
			name = Products;
			sourceTree = "<group>";
		};
		E05AC105151B8E9200AEDDBC /* Frameworks */ = {
			isa = PBXGroup;
			children = (
				E05AC127151B902300AEDDBC /* SystemConfiguration.framework */,
				E05AC106151B8E9200AEDDBC /* UIKit.framework */,
				E05AC108151B8E9200AEDDBC /* Foundation.framework */,
				E05AC10A151B8E9200AEDDBC /* CoreGraphics.framework */,
			);
			name = Frameworks;
			sourceTree = "<group>";
		};
		E05AC10C151B8E9200AEDDBC /* WebServices */ = {
			isa = PBXGroup;
			children = (
				E05AC123151B8EBC00AEDDBC /* iPuP */,
				E05AC115151B8E9300AEDDBC /* AppDelegate.h */,
				E05AC116151B8E9300AEDDBC /* AppDelegate.m */,
				E05AC118151B8E9300AEDDBC /* ViewController.h */,
				E05AC119151B8E9300AEDDBC /* ViewController.m */,
				E05AC11B151B8E9300AEDDBC /* ViewController.xib */,
				E05AC10D151B8E9200AEDDBC /* Supporting Files */,
			);
			path = WebServices;
			sourceTree = "<group>";
		};
		E05AC10D151B8E9200AEDDBC /* Supporting Files */ = {
			isa = PBXGroup;
			children = (
				E05AC10E151B8E9200AEDDBC /* WebServices-Info.plist */,
				E05AC10F151B8E9200AEDDBC /* InfoPlist.strings */,
				E05AC112151B8E9200AEDDBC /* main.m */,
				E05AC114151B8E9200AEDDBC /* WebServices-Prefix.pch */,
			);
			name = "Supporting Files";
			sourceTree = "<group>";
		};
		E05AC123151B8EBC00AEDDBC /* iPuP */ = {
			isa = PBXGroup;
			children = (
				E05AC124151B8ED300AEDDBC /* CiPuP.h */,
				E05AC125151B8ED300AEDDBC /* CiPuP.m */,
			);
			name = iPuP;
			sourceTree = "<group>";
		};
/* End PBXGroup section */

/* Begin PBXNativeTarget section */
		E05AC101151B8E9200AEDDBC /* WebServices */ = {
			isa = PBXNativeTarget;
			buildConfigurationList = E05AC120151B8E9300AEDDBC /* Build configuration list for PBXNativeTarget "WebServices" */;
			buildPhases = (
				E05AC0FE151B8E9200AEDDBC /* Sources */,
				E05AC0FF151B8E9200AEDDBC /* Frameworks */,
				E05AC100151B8E9200AEDDBC /* Resources */,
			);
			buildRules = (
			);
			dependencies = (
			);
			name = WebServices;
			productName = WebServices;
			productReference = E05AC102151B8E9200AEDDBC /* WebServices.app */;
			productType = "com.apple.product-type.application";
		};
/* End PBXNativeTarget section */

/* Begin PBXProject section */
		E05AC0F9151B8E9200AEDDBC /* Project object */ = {
			isa = PBXProject;
			attributes = {
				LastUpgradeCheck = 0430;
			};
			buildConfigurationList = E05AC0FC151B8E9200AEDDBC /* Build configuration list for PBXProject "WebServices" */;
			compatibilityVersion = "Xcode 3.2";
			developmentRegion = English;
			hasScannedForEncodings = 0;
			knownRegions = (
				en,
			);
			mainGroup = E05AC0F7151B8E9200AEDDBC;
			productRefGroup = E05AC103151B8E9200AEDDBC /* Products */;
			projectDirPath = "";
			projectRoot = "";
			targets = (
				E05AC101151B8E9200AEDDBC /* WebServices */,
			);
		};
/* End PBXProject section */

/* Begin PBXResourcesBuildPhase section */
		E05AC100151B8E9200AEDDBC /* Resources */ = {
			isa = PBXResourcesBuildPhase;
			buildActionMask = 2147483647;
			files = (
				E05AC111151B8E9200AEDDBC /* InfoPlist.strings in Resources */,
				E05AC11D151B8E9300AEDDBC /* ViewController.xib in Resources */,
			);
			runOnlyForDeploymentPostprocessing = 0;
		};
/* End PBXResourcesBuildPhase section */

/* Begin PBXSourcesBuildPhase section */
		E05AC0FE151B8E9200AEDDBC /* Sources */ = {
			isa = PBXSourcesBuildPhase;
			buildActionMask = 2147483647;
			files = (
				E05AC113151B8E9200AEDDBC /* main.m in Sources */,
				E05AC117151B8E9300AEDDBC /* AppDelegate.m in Sources */,
				E05AC11A151B8E9300AEDDBC /* ViewController.m in Sources */,
				E05AC126151B8ED300AEDDBC /* CiPuP.m in Sources */,
			);
			runOnlyForDeploymentPostprocessing = 0;
		};
/* End PBXSourcesBuildPhase section */

/* Begin PBXVariantGroup section */
		E05AC10F151B8E9200AEDDBC /* InfoPlist.strings */ = {
			isa = PBXVariantGroup;
			children = (
				E05AC110151B8E9200AEDDBC /* en */,
			);
			name = InfoPlist.strings;
			sourceTree = "<group>";
		};
		E05AC11B151B8E9300AEDDBC /* ViewController.xib */ = {
			isa = PBXVariantGroup;
			children = (
				E05AC11C151B8E9300AEDDBC /* en */,
			);
			name = ViewController.xib;
			sourceTree = "<group>";
		};
/* End PBXVariantGroup section */

/* Begin XCBuildConfiguration section */
		E05AC11E151B8E9300AEDDBC /* Debug */ = {
			isa = XCBuildConfiguration;
			buildSettings = {
				ALWAYS_SEARCH_USER_PATHS = NO;
				ARCHS = "$(ARCHS_STANDARD_32_BIT)";
				CLANG_ENABLE_OBJC_ARC = YES;
				"CODE_SIGN_IDENTITY[sdk=iphoneos*]" = "iPhone Developer";
				COPY_PHASE_STRIP = NO;
				GCC_C_LANGUAGE_STANDARD = gnu99;
				GCC_DYNAMIC_NO_PIC = NO;
				GCC_OPTIMIZATION_LEVEL = 0;
				GCC_PREPROCESSOR_DEFINITIONS = (
					"DEBUG=1",
					"$(inherited)",
				);
				GCC_SYMBOLS_PRIVATE_EXTERN = NO;
				GCC_VERSION = com.apple.compilers.llvm.clang.1_0;
				GCC_WARN_ABOUT_RETURN_TYPE = YES;
				GCC_WARN_UNINITIALIZED_AUTOS = YES;
				GCC_WARN_UNUSED_VARIABLE = YES;
				IPHONEOS_DEPLOYMENT_TARGET = 5.1;
				SDKROOT = iphoneos;
			};
			name = Debug;
		};
		E05AC11F151B8E9300AEDDBC /* Release */ = {
			isa = XCBuildConfiguration;
			buildSettings = {
				ALWAYS_SEARCH_USER_PATHS = NO;
				ARCHS = "$(ARCHS_STANDARD_32_BIT)";
				CLANG_ENABLE_OBJC_ARC = YES;
				"CODE_SIGN_IDENTITY[sdk=iphoneos*]" = "iPhone Developer";
				COPY_PHASE_STRIP = YES;
				GCC_C_LANGUAGE_STANDARD = gnu99;
				GCC_VERSION = com.apple.compilers.llvm.clang.1_0;
				GCC_WARN_ABOUT_RETURN_TYPE = YES;
				GCC_WARN_UNINITIALIZED_AUTOS = YES;
				GCC_WARN_UNUSED_VARIABLE = YES;
				IPHONEOS_DEPLOYMENT_TARGET = 5.1;
				OTHER_CFLAGS = "-DNS_BLOCK_ASSERTIONS=1";
				SDKROOT = iphoneos;
				VALIDATE_PRODUCT = YES;
			};
			name = Release;
		};
		E05AC121151B8E9300AEDDBC /* Debug */ = {
			isa = XCBuildConfiguration;
			buildSettings = {
				GCC_PRECOMPILE_PREFIX_HEADER = YES;
				GCC_PREFIX_HEADER = "WebServices/WebServices-Prefix.pch";
				INFOPLIST_FILE = "WebServices/WebServices-Info.plist";
				PRODUCT_NAME = "$(TARGET_NAME)";
				WRAPPER_EXTENSION = app;
			};
			name = Debug;
		};
		E05AC122151B8E9300AEDDBC /* Release */ = {
			isa = XCBuildConfiguration;
			buildSettings = {
				GCC_PRECOMPILE_PREFIX_HEADER = YES;
				GCC_PREFIX_HEADER = "WebServices/WebServices-Prefix.pch";
				INFOPLIST_FILE = "WebServices/WebServices-Info.plist";
				PRODUCT_NAME = "$(TARGET_NAME)";
				WRAPPER_EXTENSION = app;
			};
			name = Release;
		};
/* End XCBuildConfiguration section */

/* Begin XCConfigurationList section */
		E05AC0FC151B8E9200AEDDBC /* Build configuration list for PBXProject "WebServices" */ = {
			isa = XCConfigurationList;
			buildConfigurations = (
				E05AC11E151B8E9300AEDDBC /* Debug */,
				E05AC11F151B8E9300AEDDBC /* Release */,
			);
			defaultConfigurationIsVisible = 0;
			defaultConfigurationName = Release;
		};
		E05AC120151B8E9300AEDDBC /* Build configuration list for PBXNativeTarget "WebServices" */ = {
			isa = XCConfigurationList;
			buildConfigurations = (
				E05AC121151B8E9300AEDDBC /* Debug */,
				E05AC122151B8E9300AEDDBC /* Release */,
			);
			defaultConfigurationIsVisible = 0;
		};
/* End XCConfigurationList section */
	};
	rootObject = E05AC0F9151B8E9200AEDDBC /* Project object */;
}
